
Microsoft Visual Studio Solution File, Format Version 12.00
# Visual Studio Version 17
VisualStudioVersion = 17.6.33829.357
MinimumVisualStudioVersion = 10.0.40219.1
Project("{FAE04EC0-301F-11D3-BF4B-00C04F79EFBC}") = "ecomence_Cart", "Cart\ecomence_Cart.csproj", "{8454DCBE-1BA5-4BA6-BA53-AA07015751FD}"
EndProject
Global
	GlobalSection(SolutionConfigurationPlatforms) = preSolution
		Debug|Any CPU = Debug|Any CPU
		Release|Any CPU = Release|Any CPU
	EndGlobalSection
	GlobalSection(ProjectConfigurationPlatforms) = postSolution
		{8454DCBE-1BA5-4BA6-BA53-AA07015751FD}.Debug|Any CPU.ActiveCfg = Debug|Any CPU
		{8454DCBE-1BA5-4BA6-BA53-AA07015751FD}.Debug|Any CPU.Build.0 = Debug|Any CPU
		{8454DCBE-1BA5-4BA6-BA53-AA07015751FD}.Release|Any CPU.ActiveCfg = Release|Any CPU
		{8454DCBE-1BA5-4BA6-BA53-AA07015751FD}.Release|Any CPU.Build.0 = Release|Any CPU
	EndGlobalSection
	GlobalSection(SolutionProperties) = preSolution
		HideSolutionNode = FALSE
	EndGlobalSection
	GlobalSection(ExtensibilityGlobals) = postSolution
		SolutionGuid = {ADE7AA90-3C71-4CFA-B613-252E0C40C46E}
	EndGlobalSection
EndGlobal
